
Microsoft Visual Studio Solution File, Format Version 12.00
# Visual Studio 2012
Project("{FAE04EC0-301F-11D3-BF4B-00C04F79EFBC}") = "zadaniya1", "zadaniya1\zadaniya1.csproj", "{383A44EA-10BC-43D1-9D76-07F7FD36BC71}"
EndProject
Global
	GlobalSection(SolutionConfigurationPlatforms) = preSolution
		Debug|x86 = Debug|x86
		Release|x86 = Release|x86
	EndGlobalSection
	GlobalSection(ProjectConfigurationPlatforms) = postSolution
		{383A44EA-10BC-43D1-9D76-07F7FD36BC71}.Debug|x86.ActiveCfg = Debug|x86
		{383A44EA-10BC-43D1-9D76-07F7FD36BC71}.Debug|x86.Build.0 = Debug|x86
		{383A44EA-10BC-43D1-9D76-07F7FD36BC71}.Release|x86.ActiveCfg = Release|x86
		{383A44EA-10BC-43D1-9D76-07F7FD36BC71}.Release|x86.Build.0 = Release|x86
	EndGlobalSection
EndGlobal
